lockfileVersion: '9.0'

settings:
  autoInstallPeers: true
  excludeLinksFromLockfile: false

importers:

  .:
    dependencies:
      framer-motion:
        specifier: ^12.29.2
        version: 12.29.2(react@19.2.4)
      lucide-react:
        specifier: ^0.562.0
        version: 0.562.0(react@19.2.4)
      react:
        specifier: ^19.2.4
        version: 19.2.4

packages:

  framer-motion@12.29.2:
    resolution: {integrity: sha512-lSNRzBJk4wuIy0emYQ/nfZ7eWhqud2umPKw2QAQki6uKhZPKm2hRQHeQoHTG9MIvfobb+A/LbEWPJU794ZUKrg==}
    peerDependencies:
      '@emotion/is-prop-valid': '*'
      react: ^18.0.0 || ^19.0.0
      react-dom: ^18.0.0 || ^19.0.0
    peerDependenciesMeta:
      '@emotion/is-prop-valid':
        optional: true
      react:
        optional: true
      react-dom:
        optional: true

  lucide-react@0.562.0:
    resolution: {integrity: sha512-82hOAu7y0dbVuFfmO4bYF1XEwYk/mEbM5E+b1jgci/udUBEE/R7LF5Ip0CCEmXe8AybRM8L+04eP+LGZeDvkiw==}
    peerDependencies:
      react: ^16.5.1 || ^17.0.0 || ^18.0.0 || ^19.0.0

  motion-dom@12.29.2:
    resolution: {integrity: sha512-/k+NuycVV8pykxyiTCoFzIVLA95Nb1BFIVvfSu9L50/6K6qNeAYtkxXILy/LRutt7AzaYDc2myj0wkCVVYAPPA==}

  motion-utils@12.29.2:
    resolution: {integrity: sha512-G3kc34H2cX2gI63RqU+cZq+zWRRPSsNIOjpdl9TN4AQwC4sgwYPl/Q/Obf/d53nOm569T0fYK+tcoSV50BWx8A==}

  react@19.2.4:
    resolution: {integrity: sha512-9nfp2hYpCwOjAN+8TZFGhtWEwgvWHXqESH8qT89AT/lWklpLON22Lc8pEtnpsZz7VmawabSU0gCjnj8aC0euHQ==}
    engines: {node: '>=0.10.0'}

  tslib@2.8.1:
    resolution: {integrity: sha512-oJFu94HQb+KVduSUQL7wnpmqnfmLsOA/nAh6b6EH0wCEoK0/mPeXU6c3wKDV83MkOuHPRHtSXKKU99IBazS/2w==}

snapshots:

  framer-motion@12.29.2(react@19.2.4):
    dependencies:
      motion-dom: 12.29.2
      motion-utils: 12.29.2
      tslib: 2.8.1
    optionalDependencies:
      react: 19.2.4

  lucide-react@0.562.0(react@19.2.4):
    dependencies:
      react: 19.2.4

  motion-dom@12.29.2:
    dependencies:
      motion-utils: 12.29.2

  motion-utils@12.29.2: {}

  react@19.2.4: {}

  tslib@2.8.1: {}
